// !$*UTF8*$!
{
	archiveVersion = 1;
	classes = {
	};
	objectVersion = 56;
	objects = {

/* Begin PBXBuildFile section */
		6E8CF5CC2C8FC58800684AC6 /* BasicViewsApp.swift in Sources */ = {isa = PBXBuildFile; fileRef = 6E8CF5CB2C8FC58800684AC6 /* BasicViewsApp.swift */; };
		6E8CF5CE2C8FC58800684AC6 /* ContentView.swift in Sources */ = {isa = PBXBuildFile; fileRef = 6E8CF5CD2C8FC58800684AC6 /* ContentView.swift */; };
		6E8CF5D02C8FC58A00684AC6 /* Assets.xcassets in Resources */ = {isa = PBXBuildFile; fileRef = 6E8CF5CF2C8FC58A00684AC6 /* Assets.xcassets */; };
		6E8CF5D42C8FC58A00684AC6 /* Preview Assets.xcassets in Resources */ = {isa = PBXBuildFile; fileRef = 6E8CF5D32C8FC58A00684AC6 /* Preview Assets.xcassets */; };
		6E8CF5DE2C8FC58B00684AC6 /* BasicViewsTests.swift in Sources */ = {isa = PBXBuildFile; fileRef = 6E8CF5DD2C8FC58B00684AC6 /* BasicViewsTests.swift */; };
		6E8CF5E82C8FC58B00684AC6 /* BasicViewsUITests.swift in Sources */ = {isa = PBXBuildFile; fileRef = 6E8CF5E72C8FC58B00684AC6 /* BasicViewsUITests.swift */; };
		6E8CF5EA2C8FC58B00684AC6 /* BasicViewsUITestsLaunchTests.swift in Sources */ = {isa = PBXBuildFile; fileRef = 6E8CF5E92C8FC58B00684AC6 /* BasicViewsUITestsLaunchTests.swift */; };
/* End PBXBuildFile section */

/* Begin PBXContainerItemProxy section */
		6E8CF5DA2C8FC58B00684AC6 /* PBXContainerItemProxy */ = {
			isa = PBXContainerItemProxy;
			containerPortal = 6E8CF5C02C8FC58800684AC6 /* Project object */;
			proxyType = 1;
			remoteGlobalIDString = 6E8CF5C72C8FC58800684AC6;
			remoteInfo = BasicViews;
		};
		6E8CF5E42C8FC58B00684AC6 /* PBXContainerItemProxy */ = {
			isa = PBXContainerItemProxy;
			containerPortal = 6E8CF5C02C8FC58800684AC6 /* Project object */;
			proxyType = 1;
			remoteGlobalIDString = 6E8CF5C72C8FC58800684AC6;
			remoteInfo = BasicViews;
		};
/* End PBXContainerItemProxy section */

/* Begin PBXFileReference section */
		6E8CF5C82C8FC58800684AC6 /* BasicViews.app */ = {isa = PBXFileReference; explicitFileType = wrapper.application; includeInIndex = 0; path = BasicViews.app; sourceTree = BUILT_PRODUCTS_DIR; };
		6E8CF5CB2C8FC58800684AC6 /* BasicViewsApp.swift */ = {isa = PBXFileReference; lastKnownFileType = sourcecode.swift; path = BasicViewsApp.swift; sourceTree = "<group>"; };
		6E8CF5CD2C8FC58800684AC6 /* ContentView.swift */ = {isa = PBXFileReference; lastKnownFileType = sourcecode.swift; path = ContentView.swift; sourceTree = "<group>"; };
		6E8CF5CF2C8FC58A00684AC6 /* Assets.xcassets */ = {isa = PBXFileReference; lastKnownFileType = folder.assetcatalog; path = Assets.xcassets; sourceTree = "<group>"; };
		6E8CF5D12C8FC58A00684AC6 /* BasicViews.entitlements */ = {isa = PBXFileReference; lastKnownFileType = text.plist.entitlements; path = BasicViews.entitlements; sourceTree = "<group>"; };
		6E8CF5D32C8FC58A00684AC6 /* Preview Assets.xcassets */ = {isa = PBXFileReference; lastKnownFileType = folder.assetcatalog; path = "Preview Assets.xcassets"; sourceTree = "<group>"; };
		6E8CF5D92C8FC58B00684AC6 /* BasicViewsTests.xctest */ = {isa = PBXFileReference; explicitFileType = wrapper.cfbundle; includeInIndex = 0; path = BasicViewsTests.xctest; sourceTree = BUILT_PRODUCTS_DIR; };
		6E8CF5DD2C8FC58B00684AC6 /* BasicViewsTests.swift */ = {isa = PBXFileReference; lastKnownFileType = sourcecode.swift; path = BasicViewsTests.swift; sourceTree = "<group>"; };
		6E8CF5E32C8FC58B00684AC6 /* BasicViewsUITests.xctest */ = {isa = PBXFileReference; explicitFileType = wrapper.cfbundle; includeInIndex = 0; path = BasicViewsUITests.xctest; sourceTree = BUILT_PRODUCTS_DIR; };
		6E8CF5E72C8FC58B00684AC6 /* BasicViewsUITests.swift */ = {isa = PBXFileReference; lastKnownFileType = sourcecode.swift; path = BasicViewsUITests.swift; sourceTree = "<group>"; };
		6E8CF5E92C8FC58B00684AC6 /* BasicViewsUITestsLaunchTests.swift */ = {isa = PBXFileReference; lastKnownFileType = sourcecode.swift; path = BasicViewsUITestsLaunchTests.swift; sourceTree = "<group>"; };
/* End PBXFileReference section */

/* Begin PBXFrameworksBuildPhase section */
		6E8CF5C52C8FC58800684AC6 /* Frameworks */ = {
			isa = PBXFrameworksBuildPhase;
			buildActionMask = 2147483647;
			files = (
			);
			runOnlyForDeploymentPostprocessing = 0;
		};
		6E8CF5D62C8FC58B00684AC6 /* Frameworks */ = {
			isa = PBXFrameworksBuildPhase;
			buildActionMask = 2147483647;
			files = (
			);
			runOnlyForDeploymentPostprocessing = 0;
		};
		6E8CF5E02C8FC58B00684AC6 /* Frameworks */ = {
			isa = PBXFrameworksBuildPhase;
			buildActionMask = 2147483647;
			files = (
			);
			runOnlyForDeploymentPostprocessing = 0;
		};
/* End PBXFrameworksBuildPhase section */

/* Begin PBXGroup section */
		6E8CF5BF2C8FC58800684AC6 = {
			isa = PBXGroup;
			children = (
				6E8CF5CA2C8FC58800684AC6 /* BasicViews */,
				6E8CF5DC2C8FC58B00684AC6 /* BasicViewsTests */,
				6E8CF5E62C8FC58B00684AC6 /* BasicViewsUITests */,
				6E8CF5C92C8FC58800684AC6 /* Products */,
			);
			sourceTree = "<group>";
		};
		6E8CF5C92C8FC58800684AC6 /* Products */ = {
			isa = PBXGroup;
			children = (
				6E8CF5C82C8FC58800684AC6 /* BasicViews.app */,
				6E8CF5D92C8FC58B00684AC6 /* BasicViewsTests.xctest */,
				6E8CF5E32C8FC58B00684AC6 /* BasicViewsUITests.xctest */,
			);
			name = Products;
			sourceTree = "<group>";
		};
		6E8CF5CA2C8FC58800684AC6 /* BasicViews */ = {
			isa = PBXGroup;
			children = (
				6E8CF5CB2C8FC58800684AC6 /* BasicViewsApp.swift */,
				6E8CF5CD2C8FC58800684AC6 /* ContentView.swift */,
				6E8CF5CF2C8FC58A00684AC6 /* Assets.xcassets */,
				6E8CF5D12C8FC58A00684AC6 /* BasicViews.entitlements */,
				6E8CF5D22C8FC58A00684AC6 /* Preview Content */,
			);
			path = BasicViews;
			sourceTree = "<group>";
		};
		6E8CF5D22C8FC58A00684AC6 /* Preview Content */ = {
			isa = PBXGroup;
			children = (
				6E8CF5D32C8FC58A00684AC6 /* Preview Assets.xcassets */,
			);
			path = "Preview Content";
			sourceTree = "<group>";
		};
		6E8CF5DC2C8FC58B00684AC6 /* BasicViewsTests */ = {
			isa = PBXGroup;
			children = (
				6E8CF5DD2C8FC58B00684AC6 /* BasicViewsTests.swift */,
			);
			path = BasicViewsTests;
			sourceTree = "<group>";
		};
		6E8CF5E62C8FC58B00684AC6 /* BasicViewsUITests */ = {
			isa = PBXGroup;
			children = (
				6E8CF5E72C8FC58B00684AC6 /* BasicViewsUITests.swift */,
				6E8CF5E92C8FC58B00684AC6 /* BasicViewsUITestsLaunchTests.swift */,
			);
			path = BasicViewsUITests;
			sourceTree = "<group>";
		};
/* End PBXGroup section */

/* Begin PBXNativeTarget section */
		6E8CF5C72C8FC58800684AC6 /* BasicViews */ = {
			isa = PBXNativeTarget;
			buildConfigurationList = 6E8CF5ED2C8FC58B00684AC6 /* Build configuration list for PBXNativeTarget "BasicViews" */;
			buildPhases = (
				6E8CF5C42C8FC58800684AC6 /* Sources */,
				6E8CF5C52C8FC58800684AC6 /* Frameworks */,
				6E8CF5C62C8FC58800684AC6 /* Resources */,
			);
			buildRules = (
			);
			dependencies = (
			);
			name = BasicViews;
			productName = BasicViews;
			productReference = 6E8CF5C82C8FC58800684AC6 /* BasicViews.app */;
			productType = "com.apple.product-type.application";
		};
		6E8CF5D82C8FC58B00684AC6 /* BasicViewsTests */ = {
			isa = PBXNativeTarget;
			buildConfigurationList = 6E8CF5F02C8FC58B00684AC6 /* Build configuration list for PBXNativeTarget "BasicViewsTests" */;
			buildPhases = (
				6E8CF5D52C8FC58B00684AC6 /* Sources */,
				6E8CF5D62C8FC58B00684AC6 /* Frameworks */,
				6E8CF5D72C8FC58B00684AC6 /* Resources */,
			);
			buildRules = (
			);
			dependencies = (
				6E8CF5DB2C8FC58B00684AC6 /* PBXTargetDependency */,
			);
			name = BasicViewsTests;
			productName = BasicViewsTests;
			productReference = 6E8CF5D92C8FC58B00684AC6 /* BasicViewsTests.xctest */;
			productType = "com.apple.product-type.bundle.unit-test";
		};
		6E8CF5E22C8FC58B00684AC6 /* BasicViewsUITests */ = {
			isa = PBXNativeTarget;
			buildConfigurationList = 6E8CF5F32C8FC58B00684AC6 /* Build configuration list for PBXNativeTarget "BasicViewsUITests" */;
			buildPhases = (
				6E8CF5DF2C8FC58B00684AC6 /* Sources */,
				6E8CF5E02C8FC58B00684AC6 /* Frameworks */,
				6E8CF5E12C8FC58B00684AC6 /* Resources */,
			);
			buildRules = (
			);
			dependencies = (
				6E8CF5E52C8FC58B00684AC6 /* PBXTargetDependency */,
			);
			name = BasicViewsUITests;
			productName = BasicViewsUITests;
			productReference = 6E8CF5E32C8FC58B00684AC6 /* BasicViewsUITests.xctest */;
			productType = "com.apple.product-type.bundle.ui-testing";
		};
/* End PBXNativeTarget section */

/* Begin PBXProject section */
		6E8CF5C02C8FC58800684AC6 /* Project object */ = {
			isa = PBXProject;
			attributes = {
				BuildIndependentTargetsInParallel = 1;
				LastSwiftUpdateCheck = 1510;
				LastUpgradeCheck = 1510;
				TargetAttributes = {
					6E8CF5C72C8FC58800684AC6 = {
						CreatedOnToolsVersion = 15.1;
					};
					6E8CF5D82C8FC58B00684AC6 = {
						CreatedOnToolsVersion = 15.1;
						TestTargetID = 6E8CF5C72C8FC58800684AC6;
					};
					6E8CF5E22C8FC58B00684AC6 = {
						CreatedOnToolsVersion = 15.1;
						TestTargetID = 6E8CF5C72C8FC58800684AC6;
					};
				};
			};
			buildConfigurationList = 6E8CF5C32C8FC58800684AC6 /* Build configuration list for PBXProject "BasicViews" */;
			compatibilityVersion = "Xcode 14.0";
			developmentRegion = en;
			hasScannedForEncodings = 0;
			knownRegions = (
				en,
				Base,
			);
			mainGroup = 6E8CF5BF2C8FC58800684AC6;
			productRefGroup = 6E8CF5C92C8FC58800684AC6 /* Products */;
			projectDirPath = "";
			projectRoot = "";
			targets = (
				6E8CF5C72C8FC58800684AC6 /* BasicViews */,
				6E8CF5D82C8FC58B00684AC6 /* BasicViewsTests */,
				6E8CF5E22C8FC58B00684AC6 /* BasicViewsUITests */,
			);
		};
/* End PBXProject section */

/* Begin PBXResourcesBuildPhase section */
		6E8CF5C62C8FC58800684AC6 /* Resources */ = {
			isa = PBXResourcesBuildPhase;
			buildActionMask = 2147483647;
			files = (
				6E8CF5D42C8FC58A00684AC6 /* Preview Assets.xcassets in Resources */,
				6E8CF5D02C8FC58A00684AC6 /* Assets.xcassets in Resources */,
			);
			runOnlyForDeploymentPostprocessing = 0;
		};
		6E8CF5D72C8FC58B00684AC6 /* Resources */ = {
			isa = PBXResourcesBuildPhase;
			buildActionMask = 2147483647;
			files = (
			);
			runOnlyForDeploymentPostprocessing = 0;
		};
		6E8CF5E12C8FC58B00684AC6 /* Resources */ = {
			isa = PBXResourcesBuildPhase;
			buildActionMask = 2147483647;
			files = (
			);
			runOnlyForDeploymentPostprocessing = 0;
		};
/* End PBXResourcesBuildPhase section */

/* Begin PBXSourcesBuildPhase section */
		6E8CF5C42C8FC58800684AC6 /* Sources */ = {
			isa = PBXSourcesBuildPhase;
			buildActionMask = 2147483647;
			files = (
				6E8CF5CE2C8FC58800684AC6 /* ContentView.swift in Sources */,
				6E8CF5CC2C8FC58800684AC6 /* BasicViewsApp.swift in Sources */,
			);
			runOnlyForDeploymentPostprocessing = 0;
		};
		6E8CF5D52C8FC58B00684AC6 /* Sources */ = {
			isa = PBXSourcesBuildPhase;
			buildActionMask = 2147483647;
			files = (
				6E8CF5DE2C8FC58B00684AC6 /* BasicViewsTests.swift in Sources */,
			);
			runOnlyForDeploymentPostprocessing = 0;
		};
		6E8CF5DF2C8FC58B00684AC6 /* Sources */ = {
			isa = PBXSourcesBuildPhase;
			buildActionMask = 2147483647;
			files = (
				6E8CF5EA2C8FC58B00684AC6 /* BasicViewsUITestsLaunchTests.swift in Sources */,
				6E8CF5E82C8FC58B00684AC6 /* BasicViewsUITests.swift in Sources */,
			);
			runOnlyForDeploymentPostprocessing = 0;
		};
/* End PBXSourcesBuildPhase section */

/* Begin PBXTargetDependency section */
		6E8CF5DB2C8FC58B00684AC6 /* PBXTargetDependency */ = {
			isa = PBXTargetDependency;
			target = 6E8CF5C72C8FC58800684AC6 /* BasicViews */;
			targetProxy = 6E8CF5DA2C8FC58B00684AC6 /* PBXContainerItemProxy */;
		};
		6E8CF5E52C8FC58B00684AC6 /* PBXTargetDependency */ = {
			isa = PBXTargetDependency;
			target = 6E8CF5C72C8FC58800684AC6 /* BasicViews */;
			targetProxy = 6E8CF5E42C8FC58B00684AC6 /* PBXContainerItemProxy */;
		};
/* End PBXTargetDependency section */

/* Begin XCBuildConfiguration section */
		6E8CF5EB2C8FC58B00684AC6 /* Debug */ = {
			isa = XCBuildConfiguration;
			buildSettings = {
				ALWAYS_SEARCH_USER_PATHS = NO;
				ASSETCATALOG_COMPILER_GENERATE_SWIFT_ASSET_SYMBOL_EXTENSIONS = YES;
				CLANG_ANALYZER_NONNULL = YES;
				CLANG_ANALYZER_NUMBER_OBJECT_CONVERSION = YES_AGGRESSIVE;
				CLANG_CXX_LANGUAGE_STANDARD = "gnu++20";
				CLANG_ENABLE_MODULES = YES;
				CLANG_ENABLE_OBJC_ARC = YES;
				CLANG_ENABLE_OBJC_WEAK = YES;
				CLANG_WARN_BLOCK_CAPTURE_AUTORELEASING = YES;
				CLANG_WARN_BOOL_CONVERSION = YES;
				CLANG_WARN_COMMA = YES;
				CLANG_WARN_CONSTANT_CONVERSION = YES;
				CLANG_WARN_DEPRECATED_OBJC_IMPLEMENTATIONS = YES;
				CLANG_WARN_DIRECT_OBJC_ISA_USAGE = YES_ERROR;
				CLANG_WARN_DOCUMENTATION_COMMENTS = YES;
				CLANG_WARN_EMPTY_BODY = YES;
				CLANG_WARN_ENUM_CONVERSION = YES;
				CLANG_WARN_INFINITE_RECURSION = YES;
				CLANG_WARN_INT_CONVERSION = YES;
				CLANG_WARN_NON_LITERAL_NULL_CONVERSION = YES;
				CLANG_WARN_OBJC_IMPLICIT_RETAIN_SELF = YES;
				CLANG_WARN_OBJC_LITERAL_CONVERSION = YES;
				CLANG_WARN_OBJC_ROOT_CLASS = YES_ERROR;
				CLANG_WARN_QUOTED_INCLUDE_IN_FRAMEWORK_HEADER = YES;
				CLANG_WARN_RANGE_LOOP_ANALYSIS = YES;
				CLANG_WARN_STRICT_PROTOTYPES = YES;
				CLANG_WARN_SUSPICIOUS_MOVE = YES;
				CLANG_WARN_UNGUARDED_AVAILABILITY = YES_AGGRESSIVE;
				CLANG_WARN_UNREACHABLE_CODE = YES;
				CLANG_WARN__DUPLICATE_METHOD_MATCH = YES;
				COPY_PHASE_STRIP = NO;
				DEBUG_INFORMATION_FORMAT = dwarf;
				ENABLE_STRICT_OBJC_MSGSEND = YES;
				ENABLE_TESTABILITY = YES;
				ENABLE_USER_SCRIPT_SANDBOXING = YES;
				GCC_C_LANGUAGE_STANDARD = gnu17;
				GCC_DYNAMIC_NO_PIC = NO;
				GCC_NO_COMMON_BLOCKS = YES;
				GCC_OPTIMIZATION_LEVEL = 0;
				GCC_PREPROCESSOR_DEFINITIONS = (
					"DEBUG=1",
					"$(inherited)",
				);
				GCC_WARN_64_TO_32_BIT_CONVERSION = YES;
				GCC_WARN_ABOUT_RETURN_TYPE = YES_ERROR;
				GCC_WARN_UNDECLARED_SELECTOR = YES;
				GCC_WARN_UNINITIALIZED_AUTOS = YES_AGGRESSIVE;
				GCC_WARN_UNUSED_FUNCTION = YES;
				GCC_WARN_UNUSED_VARIABLE = YES;
				LOCALIZATION_PREFERS_STRING_CATALOGS = YES;
				MTL_ENABLE_DEBUG_INFO = INCLUDE_SOURCE;
				MTL_FAST_MATH = YES;
				ONLY_ACTIVE_ARCH = YES;
				SWIFT_ACTIVE_COMPILATION_CONDITIONS = "DEBUG $(inherited)";
				SWIFT_OPTIMIZATION_LEVEL = "-Onone";
			};
			name = Debug;
		};
		6E8CF5EC2C8FC58B00684AC6 /* Release */ = {
			isa = XCBuildConfiguration;
			buildSettings = {
				ALWAYS_SEARCH_USER_PATHS = NO;
				ASSETCATALOG_COMPILER_GENERATE_SWIFT_ASSET_SYMBOL_EXTENSIONS = YES;
				CLANG_ANALYZER_NONNULL = YES;
				CLANG_ANALYZER_NUMBER_OBJECT_CONVERSION = YES_AGGRESSIVE;
				CLANG_CXX_LANGUAGE_STANDARD = "gnu++20";
				CLANG_ENABLE_MODULES = YES;
				CLANG_ENABLE_OBJC_ARC = YES;
				CLANG_ENABLE_OBJC_WEAK = YES;
				CLANG_WARN_BLOCK_CAPTURE_AUTORELEASING = YES;
				CLANG_WARN_BOOL_CONVERSION = YES;
				CLANG_WARN_COMMA = YES;
				CLANG_WARN_CONSTANT_CONVERSION = YES;
				CLANG_WARN_DEPRECATED_OBJC_IMPLEMENTATIONS = YES;
				CLANG_WARN_DIRECT_OBJC_ISA_USAGE = YES_ERROR;
				CLANG_WARN_DOCUMENTATION_COMMENTS = YES;
				CLANG_WARN_EMPTY_BODY = YES;
				CLANG_WARN_ENUM_CONVERSION = YES;
				CLANG_WARN_INFINITE_RECURSION = YES;
				CLANG_WARN_INT_CONVERSION = YES;
				CLANG_WARN_NON_LITERAL_NULL_CONVERSION = YES;
				CLANG_WARN_OBJC_IMPLICIT_RETAIN_SELF = YES;
				CLANG_WARN_OBJC_LITERAL_CONVERSION = YES;
				CLANG_WARN_OBJC_ROOT_CLASS = YES_ERROR;
				CLANG_WARN_QUOTED_INCLUDE_IN_FRAMEWORK_HEADER = YES;
				CLANG_WARN_RANGE_LOOP_ANALYSIS = YES;
				CLANG_WARN_STRICT_PROTOTYPES = YES;
				CLANG_WARN_SUSPICIOUS_MOVE = YES;
				CLANG_WARN_UNGUARDED_AVAILABILITY = YES_AGGRESSIVE;
				CLANG_WARN_UNREACHABLE_CODE = YES;
				CLANG_WARN__DUPLICATE_METHOD_MATCH = YES;
				COPY_PHASE_STRIP = NO;
				DEBUG_INFORMATION_FORMAT = "dwarf-with-dsym";
				ENABLE_NS_ASSERTIONS = NO;
				ENABLE_STRICT_OBJC_MSGSEND = YES;
				ENABLE_USER_SCRIPT_SANDBOXING = YES;
				GCC_C_LANGUAGE_STANDARD = gnu17;
				GCC_NO_COMMON_BLOCKS = YES;
				GCC_WARN_64_TO_32_BIT_CONVERSION = YES;
				GCC_WARN_ABOUT_RETURN_TYPE = YES_ERROR;
				GCC_WARN_UNDECLARED_SELECTOR = YES;
				GCC_WARN_UNINITIALIZED_AUTOS = YES_AGGRESSIVE;
				GCC_WARN_UNUSED_FUNCTION = YES;
				GCC_WARN_UNUSED_VARIABLE = YES;
				LOCALIZATION_PREFERS_STRING_CATALOGS = YES;
				MTL_ENABLE_DEBUG_INFO = NO;
				MTL_FAST_MATH = YES;
				SWIFT_COMPILATION_MODE = wholemodule;
			};
			name = Release;
		};
		6E8CF5EE2C8FC58B00684AC6 /* Debug */ = {
			isa = XCBuildConfiguration;
			buildSettings = {
				ASSETCATALOG_COMPILER_APPICON_NAME = AppIcon;
				ASSETCATALOG_COMPILER_GLOBAL_ACCENT_COLOR_NAME = AccentColor;
				CODE_SIGN_ENTITLEMENTS = BasicViews/BasicViews.entitlements;
				CODE_SIGN_STYLE = Automatic;
				CURRENT_PROJECT_VERSION = 1;
				DEVELOPMENT_ASSET_PATHS = "\"BasicViews/Preview Content\"";
				ENABLE_PREVIEWS = YES;
				GENERATE_INFOPLIST_FILE = YES;
				"INFOPLIST_KEY_UIApplicationSceneManifest_Generation[sdk=iphoneos*]" = YES;
				"INFOPLIST_KEY_UIApplicationSceneManifest_Generation[sdk=iphonesimulator*]" = YES;
				"INFOPLIST_KEY_UIApplicationSupportsIndirectInputEvents[sdk=iphoneos*]" = YES;
				"INFOPLIST_KEY_UIApplicationSupportsIndirectInputEvents[sdk=iphonesimulator*]" = YES;
				"INFOPLIST_KEY_UILaunchScreen_Generation[sdk=iphoneos*]" = YES;
				"INFOPLIST_KEY_UILaunchScreen_Generation[sdk=iphonesimulator*]" = YES;
				"INFOPLIST_KEY_UIStatusBarStyle[sdk=iphoneos*]" = UIStatusBarStyleDefault;
				"INFOPLIST_KEY_UIStatusBarStyle[sdk=iphonesimulator*]" = UIStatusBarStyleDefault;
				INFOPLIST_KEY_UISupportedInterfaceOrientations_iPad = "UIInterfaceOrientationPortrait UIInterfaceOrientationPortraitUpsideDown UIInterfaceOrientationLandscapeLeft UIInterfaceOrientationLandscapeRight";
				INFOPLIST_KEY_UISupportedInterfaceOrientations_iPhone = "UIInterfaceOrientationPortrait UIInterfaceOrientationLandscapeLeft UIInterfaceOrientationLandscapeRight";
				IPHONEOS_DEPLOYMENT_TARGET = 17.2;
				LD_RUNPATH_SEARCH_PATHS = "@executable_path/Frameworks";
				"LD_RUNPATH_SEARCH_PATHS[sdk=macosx*]" = "@executable_path/../Frameworks";
				MACOSX_DEPLOYMENT_TARGET = 14.2;
				MARKETING_VERSION = 1.0;
				PRODUCT_BUNDLE_IDENTIFIER = swiftui.example.com.BasicViews;
				PRODUCT_NAME = "$(TARGET_NAME)";
				SDKROOT = auto;
				SUPPORTED_PLATFORMS = "iphoneos iphonesimulator macosx";
				SWIFT_EMIT_LOC_STRINGS = YES;
				SWIFT_VERSION = 5.0;
				TARGETED_DEVICE_FAMILY = "1,2";
			};
			name = Debug;
		};
		6E8CF5EF2C8FC58B00684AC6 /* Release */ = {
			isa = XCBuildConfiguration;
			buildSettings = {
				ASSETCATALOG_COMPILER_APPICON_NAME = AppIcon;
				ASSETCATALOG_COMPILER_GLOBAL_ACCENT_COLOR_NAME = AccentColor;
				CODE_SIGN_ENTITLEMENTS = BasicViews/BasicViews.entitlements;
				CODE_SIGN_STYLE = Automatic;
				CURRENT_PROJECT_VERSION = 1;
				DEVELOPMENT_ASSET_PATHS = "\"BasicViews/Preview Content\"";
				ENABLE_PREVIEWS = YES;
				GENERATE_INFOPLIST_FILE = YES;
				"INFOPLIST_KEY_UIApplicationSceneManifest_Generation[sdk=iphoneos*]" = YES;
				"INFOPLIST_KEY_UIApplicationSceneManifest_Generation[sdk=iphonesimulator*]" = YES;
				"INFOPLIST_KEY_UIApplicationSupportsIndirectInputEvents[sdk=iphoneos*]" = YES;
				"INFOPLIST_KEY_UIApplicationSupportsIndirectInputEvents[sdk=iphonesimulator*]" = YES;
				"INFOPLIST_KEY_UILaunchScreen_Generation[sdk=iphoneos*]" = YES;
				"INFOPLIST_KEY_UILaunchScreen_Generation[sdk=iphonesimulator*]" = YES;
				"INFOPLIST_KEY_UIStatusBarStyle[sdk=iphoneos*]" = UIStatusBarStyleDefault;
				"INFOPLIST_KEY_UIStatusBarStyle[sdk=iphonesimulator*]" = UIStatusBarStyleDefault;
				INFOPLIST_KEY_UISupportedInterfaceOrientations_iPad = "UIInterfaceOrientationPortrait UIInterfaceOrientationPortraitUpsideDown UIInterfaceOrientationLandscapeLeft UIInterfaceOrientationLandscapeRight";
				INFOPLIST_KEY_UISupportedInterfaceOrientations_iPhone = "UIInterfaceOrientationPortrait UIInterfaceOrientationLandscapeLeft UIInterfaceOrientationLandscapeRight";
				IPHONEOS_DEPLOYMENT_TARGET = 17.2;
				LD_RUNPATH_SEARCH_PATHS = "@executable_path/Frameworks";
				"LD_RUNPATH_SEARCH_PATHS[sdk=macosx*]" = "@executable_path/../Frameworks";
				MACOSX_DEPLOYMENT_TARGET = 14.2;
				MARKETING_VERSION = 1.0;
				PRODUCT_BUNDLE_IDENTIFIER = swiftui.example.com.BasicViews;
				PRODUCT_NAME = "$(TARGET_NAME)";
				SDKROOT = auto;
				SUPPORTED_PLATFORMS = "iphoneos iphonesimulator macosx";
				SWIFT_EMIT_LOC_STRINGS = YES;
				SWIFT_VERSION = 5.0;
				TARGETED_DEVICE_FAMILY = "1,2";
			};
			name = Release;
		};
		6E8CF5F12C8FC58B00684AC6 /* Debug */ = {
			isa = XCBuildConfiguration;
			buildSettings = {
				ALWAYS_EMBED_SWIFT_STANDARD_LIBRARIES = YES;
				BUNDLE_LOADER = "$(TEST_HOST)";
				CODE_SIGN_STYLE = Automatic;
				CURRENT_PROJECT_VERSION = 1;
				GENERATE_INFOPLIST_FILE = YES;
				IPHONEOS_DEPLOYMENT_TARGET = 17.2;
				MACOSX_DEPLOYMENT_TARGET = 14.2;
				MARKETING_VERSION = 1.0;
				PRODUCT_BUNDLE_IDENTIFIER = swiftui.example.com.BasicViewsTests;
				PRODUCT_NAME = "$(TARGET_NAME)";
				SDKROOT = auto;
				SUPPORTED_PLATFORMS = "iphoneos iphonesimulator macosx";
				SWIFT_EMIT_LOC_STRINGS = NO;
				SWIFT_VERSION = 5.0;
				TARGETED_DEVICE_FAMILY = "1,2";
				TEST_HOST = "$(BUILT_PRODUCTS_DIR)/BasicViews.app/$(BUNDLE_EXECUTABLE_FOLDER_PATH)/BasicViews";
			};
			name = Debug;
		};
		6E8CF5F22C8FC58B00684AC6 /* Release */ = {
			isa = XCBuildConfiguration;
			buildSettings = {
				ALWAYS_EMBED_SWIFT_STANDARD_LIBRARIES = YES;
				BUNDLE_LOADER = "$(TEST_HOST)";
				CODE_SIGN_STYLE = Automatic;
				CURRENT_PROJECT_VERSION = 1;
				GENERATE_INFOPLIST_FILE = YES;
				IPHONEOS_DEPLOYMENT_TARGET = 17.2;
				MACOSX_DEPLOYMENT_TARGET = 14.2;
				MARKETING_VERSION = 1.0;
				PRODUCT_BUNDLE_IDENTIFIER = swiftui.example.com.BasicViewsTests;
				PRODUCT_NAME = "$(TARGET_NAME)";
				SDKROOT = auto;
				SUPPORTED_PLATFORMS = "iphoneos iphonesimulator macosx";
				SWIFT_EMIT_LOC_STRINGS = NO;
				SWIFT_VERSION = 5.0;
				TARGETED_DEVICE_FAMILY = "1,2";
				TEST_HOST = "$(BUILT_PRODUCTS_DIR)/BasicViews.app/$(BUNDLE_EXECUTABLE_FOLDER_PATH)/BasicViews";
			};
			name = Release;
		};
		6E8CF5F42C8FC58B00684AC6 /* Debug */ = {
			isa = XCBuildConfiguration;
			buildSettings = {
				ALWAYS_EMBED_SWIFT_STANDARD_LIBRARIES = YES;
				CODE_SIGN_STYLE = Automatic;
				CURRENT_PROJECT_VERSION = 1;
				GENERATE_INFOPLIST_FILE = YES;
				IPHONEOS_DEPLOYMENT_TARGET = 17.2;
				MACOSX_DEPLOYMENT_TARGET = 14.2;
				MARKETING_VERSION = 1.0;
				PRODUCT_BUNDLE_IDENTIFIER = swiftui.example.com.BasicViewsUITests;
				PRODUCT_NAME = "$(TARGET_NAME)";
				SDKROOT = auto;
				SUPPORTED_PLATFORMS = "iphoneos iphonesimulator macosx";
				SWIFT_EMIT_LOC_STRINGS = NO;
				SWIFT_VERSION = 5.0;
				TARGETED_DEVICE_FAMILY = "1,2";
				TEST_TARGET_NAME = BasicViews;
			};
			name = Debug;
		};
		6E8CF5F52C8FC58B00684AC6 /* Release */ = {
			isa = XCBuildConfiguration;
			buildSettings = {
				ALWAYS_EMBED_SWIFT_STANDARD_LIBRARIES = YES;
				CODE_SIGN_STYLE = Automatic;
				CURRENT_PROJECT_VERSION = 1;
				GENERATE_INFOPLIST_FILE = YES;
				IPHONEOS_DEPLOYMENT_TARGET = 17.2;
				MACOSX_DEPLOYMENT_TARGET = 14.2;
				MARKETING_VERSION = 1.0;
				PRODUCT_BUNDLE_IDENTIFIER = swiftui.example.com.BasicViewsUITests;
				PRODUCT_NAME = "$(TARGET_NAME)";
				SDKROOT = auto;
				SUPPORTED_PLATFORMS = "iphoneos iphonesimulator macosx";
				SWIFT_EMIT_LOC_STRINGS = NO;
				SWIFT_VERSION = 5.0;
				TARGETED_DEVICE_FAMILY = "1,2";
				TEST_TARGET_NAME = BasicViews;
			};
			name = Release;
		};
/* End XCBuildConfiguration section */

/* Begin XCConfigurationList section */
		6E8CF5C32C8FC58800684AC6 /* Build configuration list for PBXProject "BasicViews" */ = {
			isa = XCConfigurationList;
			buildConfigurations = (
				6E8CF5EB2C8FC58B00684AC6 /* Debug */,
				6E8CF5EC2C8FC58B00684AC6 /* Release */,
			);
			defaultConfigurationIsVisible = 0;
			defaultConfigurationName = Release;
		};
		6E8CF5ED2C8FC58B00684AC6 /* Build configuration list for PBXNativeTarget "BasicViews" */ = {
			isa = XCConfigurationList;
			buildConfigurations = (
				6E8CF5EE2C8FC58B00684AC6 /* Debug */,
				6E8CF5EF2C8FC58B00684AC6 /* Release */,
			);
			defaultConfigurationIsVisible = 0;
			defaultConfigurationName = Release;
		};
		6E8CF5F02C8FC58B00684AC6 /* Build configuration list for PBXNativeTarget "BasicViewsTests" */ = {
			isa = XCConfigurationList;
			buildConfigurations = (
				6E8CF5F12C8FC58B00684AC6 /* Debug */,
				6E8CF5F22C8FC58B00684AC6 /* Release */,
			);
			defaultConfigurationIsVisible = 0;
			defaultConfigurationName = Release;
		};
		6E8CF5F32C8FC58B00684AC6 /* Build configuration list for PBXNativeTarget "BasicViewsUITests" */ = {
			isa = XCConfigurationList;
			buildConfigurations = (
				6E8CF5F42C8FC58B00684AC6 /* Debug */,
				6E8CF5F52C8FC58B00684AC6 /* Release */,
			);
			defaultConfigurationIsVisible = 0;
			defaultConfigurationName = Release;
		};
/* End XCConfigurationList section */
	};
	rootObject = 6E8CF5C02C8FC58800684AC6 /* Project object */;
}
